# THIS IS AN AUTOGENERATED FILE. DO NOT EDIT THIS FILE DIRECTLY.
# yarn lockfile v1


"@esri/arcgis-to-geojson-utils@^1.1.1":
  version "1.2.0"
  resolved "https://registry.yarnpkg.com/@esri/arcgis-to-geojson-utils/-/arcgis-to-geojson-utils-1.2.0.tgz#a32ef95a61cfbe5b8401ba50e86c9ea59f35a4a3"

buffer-from@^1.0.0:
  version "1.1.0"
  resolved "https://registry.yarnpkg.com/buffer-from/-/buffer-from-1.1.0.tgz#87fcaa3a298358e0ade6e442cfce840740d1ad04"

bulmalite@~0.2.0:
  version "0.2.0"
  resolved "https://registry.yarnpkg.com/bulmalite/-/bulmalite-0.2.0.tgz#667bb4fe5c7bd2c526be4e5e234ea08acc4e5d80"

concat-stream@^1.5.1:
  version "1.6.2"
  resolved "https://registry.yarnpkg.com/concat-stream/-/concat-stream-1.6.2.tgz#904bdf194cd3122fc675c77fc4ac3d4ff0fd1a34"
  dependencies:
    buffer-from "^1.0.0"
    inherits "^2.0.3"
    readable-stream "^2.2.2"
    typedarray "^0.0.6"

concat-stream@~1.5.0:
  version "1.5.2"
  resolved "https://registry.yarnpkg.com/concat-stream/-/concat-stream-1.5.2.tgz#708978624d856af41a5a741defdd261da752c266"
  dependencies:
    inherits "~2.0.1"
    readable-stream "~2.0.0"
    typedarray "~0.0.5"

core-util-is@~1.0.0:
  version "1.0.2"
  resolved "https://registry.yarnpkg.com/core-util-is/-/core-util-is-1.0.2.tgz#b5fd54220aa2bc5ab57aab7140c940754503c1a7"

esri-leaflet@~2.1.0:
  version "2.1.4"
  resolved "https://registry.yarnpkg.com/esri-leaflet/-/esri-leaflet-2.1.4.tgz#57d81cee72e8d51c8009b7682e3c38c8412879e1"
  dependencies:
    "@esri/arcgis-to-geojson-utils" "^1.1.1"
    leaflet-virtual-grid "^1.0.5"
    tiny-binary-search "^1.0.2"

eventemitter3@~3.1.0:
  version "3.1.0"
  resolved "https://registry.yarnpkg.com/eventemitter3/-/eventemitter3-3.1.0.tgz#090b4d6cdbd645ed10bf750d4b5407942d7ba163"

fs-extra@~6.0.1:
  version "6.0.1"
  resolved "https://registry.yarnpkg.com/fs-extra/-/fs-extra-6.0.1.tgz#8abc128f7946e310135ddc93b98bddb410e7a34b"
  dependencies:
    graceful-fs "^4.1.2"
    jsonfile "^4.0.0"
    universalify "^0.1.0"

graceful-fs@^4.1.2, graceful-fs@^4.1.6:
  version "4.1.11"
  resolved "https://registry.yarnpkg.com/graceful-fs/-/graceful-fs-4.1.11.tgz#0e8bdfe4d1ddb8854d64e04ea7c00e2a026e5658"

inherits@^2.0.3, inherits@~2.0.1, inherits@~2.0.3:
  version "2.0.3"
  resolved "https://registry.yarnpkg.com/inherits/-/inherits-2.0.3.tgz#633c2c83e3da42a502f52466022480f4208261de"

isarray@~1.0.0:
  version "1.0.0"
  resolved "https://registry.yarnpkg.com/isarray/-/isarray-1.0.0.tgz#bb935d48582cba168c06834957a54a3e07124f11"

jsonfile@^4.0.0:
  version "4.0.0"
  resolved "https://registry.yarnpkg.com/jsonfile/-/jsonfile-4.0.0.tgz#8771aae0799b64076b76640fca058f9c10e33ecb"
  optionalDependencies:
    graceful-fs "^4.1.6"

krite@~0.1.0:
  version "0.1.0"
  resolved "https://registry.yarnpkg.com/krite/-/krite-0.1.0.tgz#491104f27e22aa92e131346e5b2dd7c5e49ed50f"
  dependencies:
    esri-leaflet "~2.1.0"
    eventemitter3 "~3.1.0"
    leaflet-draw "~1.0.0"
    leaflet-wfst "^1.0.0"
    numeral "^2.0.6"
    reproject geoloep/reproject
    url "^0.11.0"
    wellknown "~0.5.0"
    wicked-good-xpath "~1.3.0"

leaflet-draw@~1.0.0:
  version "1.0.2"
  resolved "https://registry.yarnpkg.com/leaflet-draw/-/leaflet-draw-1.0.2.tgz#212d1d958a53b849bec19a2135d39c13ed012559"

leaflet-virtual-grid@^1.0.5:
  version "1.0.6"
  resolved "https://registry.yarnpkg.com/leaflet-virtual-grid/-/leaflet-virtual-grid-1.0.6.tgz#fdb4005f0e0fa84ac90d4f2172a97dd5618cf84b"
  dependencies:
    leaflet "^1.0.0"

leaflet-wfst@^1.0.0:
  version "1.1.1"
  resolved "https://registry.yarnpkg.com/leaflet-wfst/-/leaflet-wfst-1.1.1.tgz#5f48c82509891ace4224ba2c82f02950b056bc8d"

leaflet@^1.0.0, leaflet@~1.3.1:
  version "1.3.1"
  resolved "https://registry.yarnpkg.com/leaflet/-/leaflet-1.3.1.tgz#86f336d2fb0e2d0ff446677049a5dc34cf0ea60e"

mgrs@1.0.0:
  version "1.0.0"
  resolved "https://registry.yarnpkg.com/mgrs/-/mgrs-1.0.0.tgz#fb91588e78c90025672395cb40b25f7cd6ad1829"

minimist@^1.2.0, minimist@~1.2.0:
  version "1.2.0"
  resolved "https://registry.yarnpkg.com/minimist/-/minimist-1.2.0.tgz#a35008b20f41383eec1fb914f4cd5df79a264284"

numeral@^2.0.6:
  version "2.0.6"
  resolved "https://registry.yarnpkg.com/numeral/-/numeral-2.0.6.tgz#4ad080936d443c2561aed9f2197efffe25f4e506"

process-nextick-args@~1.0.6:
  version "1.0.7"
  resolved "https://registry.yarnpkg.com/process-nextick-args/-/process-nextick-args-1.0.7.tgz#150e20b756590ad3f91093f25a4f2ad8bff30ba3"

process-nextick-args@~2.0.0:
  version "2.0.0"
  resolved "https://registry.yarnpkg.com/process-nextick-args/-/process-nextick-args-2.0.0.tgz#a37d732f4271b4ab1ad070d35508e8290788ffaa"

proj4@^2.3.12:
  version "2.4.4"
  resolved "https://registry.yarnpkg.com/proj4/-/proj4-2.4.4.tgz#c03d825e380f6850a4a7af5d20d365f6b72c4042"
  dependencies:
    mgrs "1.0.0"
    wkt-parser "^1.2.0"

punycode@1.3.2:
  version "1.3.2"
  resolved "https://registry.yarnpkg.com/punycode/-/punycode-1.3.2.tgz#9653a036fb7c1ee42342f2325cceefea3926c48d"

querystring@0.2.0:
  version "0.2.0"
  resolved "https://registry.yarnpkg.com/querystring/-/querystring-0.2.0.tgz#b209849203bb25df820da756e747005878521620"

readable-stream@^2.2.2:
  version "2.3.6"
  resolved "https://registry.yarnpkg.com/readable-stream/-/readable-stream-2.3.6.tgz#b11c27d88b8ff1fbe070643cf94b0c79ae1b0aaf"
  dependencies:
    core-util-is "~1.0.0"
    inherits "~2.0.3"
    isarray "~1.0.0"
    process-nextick-args "~2.0.0"
    safe-buffer "~5.1.1"
    string_decoder "~1.1.1"
    util-deprecate "~1.0.1"

readable-stream@~2.0.0:
  version "2.0.6"
  resolved "https://registry.yarnpkg.com/readable-stream/-/readable-stream-2.0.6.tgz#8f90341e68a53ccc928788dacfcd11b36eb9b78e"
  dependencies:
    core-util-is "~1.0.0"
    inherits "~2.0.1"
    isarray "~1.0.0"
    process-nextick-args "~1.0.6"
    string_decoder "~0.10.x"
    util-deprecate "~1.0.1"

reflect-metadata@^0.1.10:
  version "0.1.12"
  resolved "https://registry.yarnpkg.com/reflect-metadata/-/reflect-metadata-0.1.12.tgz#311bf0c6b63cd782f228a81abe146a2bfa9c56f2"

reproject@geoloep/reproject:
  version "1.1.1"
  resolved "https://codeload.github.com/geoloep/reproject/tar.gz/781c4af06f232bff9881e0a745315e3e271e8362"
  dependencies:
    concat-stream "^1.5.1"
    minimist "^1.2.0"
    proj4 "^2.3.12"

safe-buffer@~5.1.0, safe-buffer@~5.1.1:
  version "5.1.2"
  resolved "https://registry.yarnpkg.com/safe-buffer/-/safe-buffer-5.1.2.tgz#991ec69d296e0313747d59bdfd2b745c35f8828d"

string_decoder@~0.10.x:
  version "0.10.31"
  resolved "https://registry.yarnpkg.com/string_decoder/-/string_decoder-0.10.31.tgz#62e203bc41766c6c28c9fc84301dab1c5310fa94"

string_decoder@~1.1.1:
  version "1.1.1"
  resolved "https://registry.yarnpkg.com/string_decoder/-/string_decoder-1.1.1.tgz#9cf1611ba62685d7030ae9e4ba34149c3af03fc8"
  dependencies:
    safe-buffer "~5.1.0"

tiny-binary-search@^1.0.2:
  version "1.0.3"
  resolved "https://registry.yarnpkg.com/tiny-binary-search/-/tiny-binary-search-1.0.3.tgz#9d52e3d16dd1171eb74486caf704ba08c0c62186"

typedarray@^0.0.6, typedarray@~0.0.5:
  version "0.0.6"
  resolved "https://registry.yarnpkg.com/typedarray/-/typedarray-0.0.6.tgz#867ac74e3864187b1d3d47d996a78ec5c8830777"

universalify@^0.1.0:
  version "0.1.1"
  resolved "https://registry.yarnpkg.com/universalify/-/universalify-0.1.1.tgz#fa71badd4437af4c148841e3b3b165f9e9e590b7"

url@^0.11.0:
  version "0.11.0"
  resolved "https://registry.yarnpkg.com/url/-/url-0.11.0.tgz#3838e97cfc60521eb73c525a8e55bfdd9e2e28f1"
  dependencies:
    punycode "1.3.2"
    querystring "0.2.0"

util-deprecate@~1.0.1:
  version "1.0.2"
  resolved "https://registry.yarnpkg.com/util-deprecate/-/util-deprecate-1.0.2.tgz#450d4dc9fa70de732762fbd2d4a28981419a0ccf"

vue-class-component@^6.1.0:
  version "6.2.0"
  resolved "https://registry.yarnpkg.com/vue-class-component/-/vue-class-component-6.2.0.tgz#7adb1daa9a868c75f30f97f33f4f1b94aee62089"

vue-property-decorator@~6.1.0:
  version "6.1.0"
  resolved "https://registry.yarnpkg.com/vue-property-decorator/-/vue-property-decorator-6.1.0.tgz#ef97bcc1bfe794ec060133ca04a5aca02e808828"
  dependencies:
    reflect-metadata "^0.1.10"
    vue-class-component "^6.1.0"

vue@~2.5.0:
  version "2.5.16"
  resolved "https://registry.yarnpkg.com/vue/-/vue-2.5.16.tgz#07edb75e8412aaeed871ebafa99f4672584a0085"

wellknown@~0.5.0:
  version "0.5.0"
  resolved "https://registry.yarnpkg.com/wellknown/-/wellknown-0.5.0.tgz#09ae9871fa826cf0a6ec1537ef00c379d78d7101"
  dependencies:
    concat-stream "~1.5.0"
    minimist "~1.2.0"

wicked-good-xpath@~1.3.0:
  version "1.3.0"
  resolved "https://registry.yarnpkg.com/wicked-good-xpath/-/wicked-good-xpath-1.3.0.tgz#81b0e95e8650e49c94b22298fff8686b5553cf6c"

wkt-parser@^1.2.0:
  version "1.2.1"
  resolved "https://registry.yarnpkg.com/wkt-parser/-/wkt-parser-1.2.1.tgz#3339689dbc549c103fc5c7447543534785ff8d4d"
